
Microsoft Visual Studio Solution File, Format Version 12.00
# Visual Studio Version 17
VisualStudioVersion = 17.6.33815.320
MinimumVisualStudioVersion = 10.0.40219.1
Project("{8BC9CEB8-8B4A-11D0-8D11-00A0C91BC942}") = "QtPasswordManager", "QtPasswordManager.vcxproj", "{29229CFD-E468-47AE-8A1E-597E12EA4AA7}"
EndProject
Global
	GlobalSection(SolutionConfigurationPlatforms) = preSolution
		Debug|x64 = Debug|x64
		Release|x64 = Release|x64
	EndGlobalSection
	GlobalSection(ProjectConfigurationPlatforms) = postSolution
		{29229CFD-E468-47AE-8A1E-597E12EA4AA7}.Debug|x64.ActiveCfg = Debug|x64
		{29229CFD-E468-47AE-8A1E-597E12EA4AA7}.Debug|x64.Build.0 = Debug|x64
		{29229CFD-E468-47AE-8A1E-597E12EA4AA7}.Release|x64.ActiveCfg = Release|x64
		{29229CFD-E468-47AE-8A1E-597E12EA4AA7}.Release|x64.Build.0 = Release|x64
	EndGlobalSection
	GlobalSection(SolutionProperties) = preSolution
		HideSolutionNode = FALSE
	EndGlobalSection
	GlobalSection(ExtensibilityGlobals) = postSolution
		SolutionGuid = {E99D1F18-A988-4843-8E52-E027341FD193}
	EndGlobalSection
EndGlobal
